
Microsoft Visual Studio Solution File, Format Version 12.00
# Visual Studio Version 17
VisualStudioVersion = 17.7.34024.191
MinimumVisualStudioVersion = 10.0.40219.1
Project("{FAE04EC0-301F-11D3-BF4B-00C04F79EFBC}") = "Assignment", "Assignment.csproj", "{BFEF53F6-5DC0-49BF-BEF4-8F4CF661D986}"
EndProject
Global
	GlobalSection(SolutionConfigurationPlatforms) = preSolution
		Debug|Any CPU = Debug|Any CPU
		Release|Any CPU = Release|Any CPU
	EndGlobalSection
	GlobalSection(ProjectConfigurationPlatforms) = postSolution
		{BFEF53F6-5DC0-49BF-BEF4-8F4CF661D986}.Debug|Any CPU.ActiveCfg = Debug|Any CPU
		{BFEF53F6-5DC0-49BF-BEF4-8F4CF661D986}.Debug|Any CPU.Build.0 = Debug|Any CPU
		{BFEF53F6-5DC0-49BF-BEF4-8F4CF661D986}.Release|Any CPU.ActiveCfg = Release|Any CPU
		{BFEF53F6-5DC0-49BF-BEF4-8F4CF661D986}.Release|Any CPU.Build.0 = Release|Any CPU
	EndGlobalSection
	GlobalSection(SolutionProperties) = preSolution
		HideSolutionNode = FALSE
	EndGlobalSection
	GlobalSection(ExtensibilityGlobals) = postSolution
		SolutionGuid = {A7F37193-51E8-4F2A-8370-506E5E15D871}
	EndGlobalSection
EndGlobal
